
Microsoft Visual Studio Solution File, Format Version 12.00
# Visual Studio Version 17
VisualStudioVersion = 17.2.32616.157
MinimumVisualStudioVersion = 10.0.40219.1
Project("{FAE04EC0-301F-11D3-BF4B-00C04F79EFBC}") = "Guess_Number", "Guess_Number\Guess_Number.csproj", "{8568E9E6-F75D-443A-8F5F-072852D42202}"
EndProject
Global
	GlobalSection(SolutionConfigurationPlatforms) = preSolution
		Debug|Any CPU = Debug|Any CPU
		Release|Any CPU = Release|Any CPU
	EndGlobalSection
	GlobalSection(ProjectConfigurationPlatforms) = postSolution
		{8568E9E6-F75D-443A-8F5F-072852D42202}.Debug|Any CPU.ActiveCfg = Debug|Any CPU
		{8568E9E6-F75D-443A-8F5F-072852D42202}.Debug|Any CPU.Build.0 = Debug|Any CPU
		{8568E9E6-F75D-443A-8F5F-072852D42202}.Release|Any CPU.ActiveCfg = Release|Any CPU
		{8568E9E6-F75D-443A-8F5F-072852D42202}.Release|Any CPU.Build.0 = Release|Any CPU
	EndGlobalSection
	GlobalSection(SolutionProperties) = preSolution
		HideSolutionNode = FALSE
	EndGlobalSection
	GlobalSection(ExtensibilityGlobals) = postSolution
		SolutionGuid = {F313551D-89EA-4BBC-AF38-A055D90B3B66}
	EndGlobalSection
EndGlobal
